
Microsoft Visual Studio Solution File, Format Version 12.00
# Visual Studio 14
VisualStudioVersion = 14.0.25420.1
MinimumVisualStudioVersion = 10.0.40219.1
Project("{FAE04EC0-301F-11D3-BF4B-00C04F79EFBC}") = "GEMS", "GEMS\GEMS.csproj", "{1ABAAD52-BB3F-4892-A9ED-8ECBD831516A}"
EndProject
Project("{FAE04EC0-301F-11D3-BF4B-00C04F79EFBC}") = "GEMS.Tests", "GEMS.Tests\GEMS.Tests.csproj", "{65041DBC-5549-42EB-B9ED-5CE260B4AA26}"
EndProject
Global
	GlobalSection(SolutionConfigurationPlatforms) = preSolution
		Debug|Any CPU = Debug|Any CPU
		Release|Any CPU = Release|Any CPU
	EndGlobalSection
	GlobalSection(ProjectConfigurationPlatforms) = postSolution
		{1ABAAD52-BB3F-4892-A9ED-8ECBD831516A}.Debug|Any CPU.ActiveCfg = Debug|Any CPU
		{1ABAAD52-BB3F-4892-A9ED-8ECBD831516A}.Debug|Any CPU.Build.0 = Debug|Any CPU
		{1ABAAD52-BB3F-4892-A9ED-8ECBD831516A}.Release|Any CPU.ActiveCfg = Release|Any CPU
		{1ABAAD52-BB3F-4892-A9ED-8ECBD831516A}.Release|Any CPU.Build.0 = Release|Any CPU
		{65041DBC-5549-42EB-B9ED-5CE260B4AA26}.Debug|Any CPU.ActiveCfg = Debug|Any CPU
		{65041DBC-5549-42EB-B9ED-5CE260B4AA26}.Debug|Any CPU.Build.0 = Debug|Any CPU
		{65041DBC-5549-42EB-B9ED-5CE260B4AA26}.Release|Any CPU.ActiveCfg = Release|Any CPU
		{65041DBC-5549-42EB-B9ED-5CE260B4AA26}.Release|Any CPU.Build.0 = Release|Any CPU
	EndGlobalSection
	GlobalSection(SolutionProperties) = preSolution
		HideSolutionNode = FALSE
	EndGlobalSection
EndGlobal
